version: 7
platforms:
- name: linux-64
  virtual-packages:
  - __unix=0=0
  - __linux=4.18
  - __glibc=2.28
  - __archspec=0=x86_64
environments:
  default:
    channels:
    - url: https://conda.anaconda.org/conda-forge/
    packages:
      linux-64:
      - conda: https://conda.anaconda.org/conda-forge/linux-64/_openmp_mutex-4.5-20_gnu.conda
      - conda: https://conda.anaconda.org/conda-forge/linux-64/c-ares-1.34.8-hebe6cf0_2.conda
      - conda: https://conda.anaconda.org/conda-forge/linux-64/curl-8.22.0-ha042cf0_0.conda
      - conda: https://conda.anaconda.org/conda-forge/linux-64/icu-78.3-py310h44b86e0_2.conda
      - conda: https://conda.anaconda.org/conda-forge/linux-64/keyutils-1.6.3-h7cc23a3_1.conda
      - conda: https://conda.anaconda.org/conda-forge/linux-64/krb5-1.22.2-hbc21106_2.conda
      - conda: https://conda.anaconda.org/conda-forge/linux-64/libcurl-8.22.0-ha042cf0_0.conda
      - conda: https://conda.anaconda.org/conda-forge/linux-64/libedit-3.1.20250104-pl5321h373387f_1.conda
      - conda: https://conda.anaconda.org/conda-forge/linux-64/libev-4.33-h280c20c_3.conda
      - conda: https://conda.anaconda.org/conda-forge/linux-64/libgcc-16.2.0-ha9f2e26_4.conda
      - conda: https://conda.anaconda.org/conda-forge/linux-64/libgomp-16.2.0-he0feb66_4.conda
      - conda: https://conda.anaconda.org/conda-forge/linux-64/libnghttp2-1.68.1-h74cf4be_1.conda
      - conda: https://conda.anaconda.org/conda-forge/linux-64/libpsl-0.23.1-hd9e3e90_1.conda
      - conda: https://conda.anaconda.org/conda-forge/linux-64/libssh2-1.11.1-h6154650_1.conda
      - conda: https://conda.anaconda.org/conda-forge/linux-64/libstdcxx-16.2.0-h934c35e_4.conda
      - conda: https://conda.anaconda.org/conda-forge/linux-64/libzlib-1.3.2-h25fd6f3_3.conda
      - conda: https://conda.anaconda.org/conda-forge/linux-64/ncurses-6.6-hdb14827_1.conda
      - conda: https://conda.anaconda.org/conda-forge/linux-64/openssl-3.6.4-h781a0a9_0.conda
      - conda: https://conda.anaconda.org/conda-forge/linux-64/zstd-1.5.7-hb78ec9c_7.conda
      - conda: https://conda.anaconda.org/conda-forge/noarch/ca-certificates-2026.7.22-hbd8a1cb_0.conda
packages:
- conda: https://conda.anaconda.org/conda-forge/linux-64/_openmp_mutex-4.5-20_gnu.conda
  build_number: 20
  sha256: 1dd3fffd892081df9726d7eb7e0dea6198962ba775bd88842135a4ddb4deb3c9
  md5: a9f577daf3de00bca7c3c76c0ecbd1de
  depends:
  - __glibc >=2.17,<3.0.a0
  - libgomp >=7.5.0
  constrains:
  - openmp_impl <0.0a0
  license: BSD-3-Clause
  license_family: BSD
  run_exports:
    strong:
    - _openmp_mutex >=4.5
  size: 28948
  timestamp: 1770939786096
- conda: https://conda.anaconda.org/conda-forge/linux-64/c-ares-1.34.8-hebe6cf0_2.conda
  sha256: 9c37cc233238adf366ea75b0e845662a5be07ceadf62e458183516369340274b
  md5: 3ad2b403be8fc5612b9159e2ce621f69
  depends:
  - libgcc >=15
  - __glibc >=2.17,<3.0.a0
  license: MIT
  license_family: MIT
  run_exports:
    weak:
    - c-ares >=1.34.8,<2.0a0
  size: 228700
  timestamp: 1787169971173
- conda: https://conda.anaconda.org/conda-forge/linux-64/curl-8.22.0-ha042cf0_0.conda
  sha256: 1a35faf4bf079c4438c52c9795b95d6c97c1b60e0bb51802cf48e2b7352b57e5
  md5: 399a7c0b7ca511de34c5ee5762cee149
  depends:
  - __glibc >=2.17,<3.0.a0
  - krb5 >=1.22.2,<1.23.0a0
  - libcurl 8.22.0 ha042cf0_0
  - libgcc >=15
  - libpsl >=0.23.1,<0.24.0a0
  - libssh2 >=1.11.1,<2.0a0
  - libzlib >=1.3.2,<2.0a0
  - openssl >=3.5.8,<4.0a0
  - zstd >=1.5.7,<1.6.0a0
  license: curl
  license_family: MIT
  run_exports: {}
  size: 196563
  timestamp: 1788340726238
- conda: https://conda.anaconda.org/conda-forge/linux-64/icu-78.3-py310h44b86e0_2.conda
  sha256: 9f07834f0c546ab14d885ce0366285f61f44e326c0edd1fc63b8294e113ae432
  md5: 72a381cbad04f24b1c2a43ef707f45b4
  depends:
  - __glibc >=2.17,<3.0.a0
  - libstdcxx >=14
  - libgcc >=14
  license: MIT
  license_family: MIT
  run_exports:
    weak:
    - icu >=78.3,<79.0a0
  size: 14459115
  timestamp: 1786545741408
- conda: https://conda.anaconda.org/conda-forge/linux-64/keyutils-1.6.3-h7cc23a3_1.conda
  sha256: dd053c96dcb0dcfd59422aefea9d2fe937a190167f34fba7893ec1e10a7e8963
  md5: ba55d1b89fd7775e67de8291029b4059
  depends:
  - __glibc >=2.17,<3.0.a0
  - libgcc >=15
  license: LGPL-2.1-or-later
  run_exports:
    weak:
    - keyutils >=1.6.3,<2.0a0
  size: 135295
  timestamp: 1786739238128
- conda: https://conda.anaconda.org/conda-forge/linux-64/krb5-1.22.2-hbc21106_2.conda
  sha256: 2a5c38c85e63df84c4e69ee71439841ce570d259ae3060627bb9a49a938d66f4
  md5: 53318d715316929a574f83591308b1f8
  depends:
  - __glibc >=2.17,<3.0.a0
  - keyutils >=1.6.3,<2.0a0
  - libedit >=3.1.20250104,<3.2.0a0
  - libedit >=3.1.20250104,<4.0a0
  - libgcc >=15
  - libstdcxx >=15
  - openssl >=3.5.7,<4.0a0
  license: MIT
  license_family: MIT
  run_exports:
    weak:
    - krb5 >=1.22.2,<1.23.0a0
  size: 1394333
  timestamp: 1786762112514
- conda: https://conda.anaconda.org/conda-forge/linux-64/libcurl-8.22.0-ha042cf0_0.conda
  sha256: 483b7eb97f56fbb3a9cb7190d33012dfa0a5aaed99ede61465563cd97dd82504
  md5: e617deee7af8eb0c04f6296d12b54157
  depends:
  - __glibc >=2.17,<3.0.a0
  - krb5 >=1.22.2,<1.23.0a0
  - libgcc >=15
  - libnghttp2 >=1.68.1,<2.0a0
  - libpsl >=0.23.1,<0.24.0a0
  - libssh2 >=1.11.1,<2.0a0
  - libzlib >=1.3.2,<2.0a0
  - openssl >=3.5.8,<4.0a0
  - zstd >=1.5.7,<1.6.0a0
  license: curl
  license_family: MIT
  run_exports:
    weak:
    - libcurl >=8.22.0,<9.0a0
  size: 499651
  timestamp: 1788340719230
- conda: https://conda.anaconda.org/conda-forge/linux-64/libedit-3.1.20250104-pl5321h373387f_1.conda
  sha256: 6473eb8caf2aae830f37caa93db9b26dddf7ac84b63229e8bf7fc0e5c3ab95b0
  md5: 50708d3b951d0f8e2d7f2df5b5edc040
  depends:
  - ncurses
  - libgcc >=14
  - __glibc >=2.17,<3.0.a0
  - ncurses >=6.6,<7.0a0
  license: BSD-2-Clause
  license_family: BSD
  run_exports:
    weak:
    - libedit >=3.1.20250104,<3.2.0a0
  size: 135098
  timestamp: 1786616658086
- conda: https://conda.anaconda.org/conda-forge/linux-64/libev-4.33-h280c20c_3.conda
  sha256: e4418f68d01a6307c4431b585c71b584f40189877364e542ee87deb777f5e85b
  md5: 7bc31538d6e3fb349e897353969237ec
  depends:
  - libgcc >=14
  - __glibc >=2.17,<3.0.a0
  license: BSD-2-Clause OR GPL-2.0-or-later
  license_family: GPL
  run_exports:
    weak:
    - libev >=4.33,<4.34.0a0
  size: 43220
  timestamp: 1785917328200
- conda: https://conda.anaconda.org/conda-forge/linux-64/libgcc-16.2.0-ha9f2e26_4.conda
  sha256: 24090e675d34403b4ee1cd4372d8f6c0937da7ecfd66a19a57cac2ed0f4ea793
  md5: cba14d01083fc62ffd32c24d7d390633
  depends:
  - __glibc >=2.17,<3.0.a0
  - _openmp_mutex >=4.5
  constrains:
  - libgcc-ng ==16.2.0=*_4
  - libgomp 16.2.0 he0feb66_4
  license: GPL-3.0-only WITH GCC-exception-3.1
  license_family: GPL
  run_exports: {}
  size: 1058083
  timestamp: 1787618680111
- conda: https://conda.anaconda.org/conda-forge/linux-64/libgomp-16.2.0-he0feb66_4.conda
  sha256: 0fe5cb8e0752241ab55e11656ed1b9726248b522d23b929fe7c95b83eb55b9bb
  md5: 89d2c1231f47bd818f5d624b9411459d
  depends:
  - __glibc >=2.17,<3.0.a0
  license: GPL-3.0-only WITH GCC-exception-3.1
  license_family: GPL
  run_exports:
    strong:
    - _openmp_mutex >=4.5
  size: 639968
  timestamp: 1787618616266
- conda: https://conda.anaconda.org/conda-forge/linux-64/libnghttp2-1.68.1-h74cf4be_1.conda
  sha256: 11a2f54a6f391e25738bce0023e6ef499600147bbcf21c1fa69d2e251b03cc6a
  md5: 75d211f04ac87506f1f43420712a69fe
  depends:
  - __glibc >=2.17,<3.0.a0
  - c-ares >=1.34.8,<2.0a0
  - libev >=4.33,<4.34.0a0
  - libev >=4.33,<5.0a0
  - libgcc >=15
  - libstdcxx >=15
  - libzlib >=1.3.2,<2.0a0
  - openssl >=3.5.7,<4.0a0
  license: MIT
  license_family: MIT
  run_exports:
    weak:
    - libnghttp2 >=1.68.1,<2.0a0
  size: 649974
  timestamp: 1787177490105
- conda: https://conda.anaconda.org/conda-forge/linux-64/libpsl-0.23.1-hd9e3e90_1.conda
  sha256: 09e8effdc89bc5d021349318d32b85594f5b8d8e3ab8f90a85b81f8fe695a566
  md5: 77be60417aa572afcb48cbe0f967401d
  depends:
  - libstdcxx >=15
  - libgcc >=15
  - __glibc >=2.17,<3.0.a0
  - icu >=78.3,<79.0a0
  license: MIT
  license_family: MIT
  run_exports:
    weak:
    - libpsl >=0.23.1,<0.24.0a0
  size: 72519
  timestamp: 1786970753847
- conda: https://conda.anaconda.org/conda-forge/linux-64/libssh2-1.11.1-h6154650_1.conda
  sha256: 7e463000fa1cba3f3a6597b776f6ab301d425a96e3bc20d0d9d76a3b9f237aa3
  md5: 5c526561e1d2a2e071941174eae84557
  depends:
  - __glibc >=2.17,<3.0.a0
  - libgcc >=14
  - libzlib >=1.3.2,<2.0a0
  - openssl >=3.5.7,<4.0a0
  license: BSD-3-Clause
  license_family: BSD
  run_exports:
    weak:
    - libssh2 >=1.11.1,<2.0a0
  size: 306045
  timestamp: 1786713107897
- conda: https://conda.anaconda.org/conda-forge/linux-64/libstdcxx-16.2.0-h934c35e_4.conda
  sha256: 40b792b0186c1e8859280a1f6f19a54fc50a11b32724fc7b637009c1a9bd302b
  md5: 2f2ef0d96de5bdd8c1270ff22fdf9352
  depends:
  - __glibc >=2.17,<3.0.a0
  - libgcc 16.2.0 ha9f2e26_4
  constrains:
  - libstdcxx-ng ==16.2.0=*_4
  license: GPL-3.0-only WITH GCC-exception-3.1
  license_family: GPL
  run_exports: {}
  size: 6613148
  timestamp: 1787618704262
- conda: https://conda.anaconda.org/conda-forge/linux-64/libzlib-1.3.2-h25fd6f3_3.conda
  sha256: eb8a0db0aa570124f7d2a93d7c7f596e3390df5e047818d873baad32985fc736
  md5: 0de0122d9570a8ab637c6b73db268389
  depends:
  - __glibc >=2.17,<3.0.a0
  constrains:
  - zlib 1.3.2 *_3
  license: Zlib
  license_family: Other
  run_exports:
    weak:
    - libzlib >=1.3.2,<2.0a0
  size: 63713
  timestamp: 1785362952714
- conda: https://conda.anaconda.org/conda-forge/linux-64/ncurses-6.6-hdb14827_1.conda
  sha256: 5d46557214ed184381dafe835b7c94a474a1c3b307a08a250b1ea4779b44ffb3
  md5: ee6c0cd80a60961a1f48aa3e0b91f986
  depends:
  - __glibc >=2.17,<3.0.a0
  - libgcc >=14
  license: X11 AND BSD-3-Clause
  run_exports:
    weak:
    - ncurses >=6.6,<7.0a0
  size: 911196
  timestamp: 1786355078102
- conda: https://conda.anaconda.org/conda-forge/linux-64/openssl-3.6.4-h781a0a9_0.conda
  sha256: 4747b2d6a8336f52343bceb8a1ebf41a9e6e665b9d2e3f989972de53a310599e
  md5: 16e3034a330cc625f2c685edec60cf4e
  depends:
  - __glibc >=2.17,<3.0.a0
  - ca-certificates
  - libgcc >=15
  license: Apache-2.0
  license_family: Apache
  run_exports:
    weak:
    - openssl >=3.6.4,<4.0a0
  size: 3202955
  timestamp: 1787698780103
- conda: https://conda.anaconda.org/conda-forge/linux-64/zstd-1.5.7-hb78ec9c_7.conda
  sha256: 47d682b9f6d6ec9eb1a6e6c3e75ea6273e899e78fb7fc59f81d39745009fbc60
  md5: aa459086047c0e5e27023ab19f8cb86a
  depends:
  - __glibc >=2.17,<3.0.a0
  - libzlib >=1.3.2,<2.0a0
  license: BSD-3-Clause
  license_family: BSD
  run_exports:
    weak:
    - zstd >=1.5.7,<1.6.0a0
  size: 601301
  timestamp: 1786599621503
- conda: https://conda.anaconda.org/conda-forge/noarch/ca-certificates-2026.7.22-hbd8a1cb_0.conda
  sha256: 0a0544cf95f64394fe4959286f5c71f5444ad58feb0602e53becb27448d24da6
  md5: 0f51e2391ade309db462a55611263e9c
  depends:
  - __unix
  license: ISC
  run_exports: {}
  size: 131780
  timestamp: 1784754889428
